
Microsoft Visual Studio Solution File, Format Version 12.00
# Visual Studio 14
VisualStudioVersion = 14.0.25420.1
MinimumVisualStudioVersion = 10.0.40219.1
Project("{FAE04EC0-301F-11D3-BF4B-00C04F79EFBC}") = "SmartH2O_DU", "SmartH2O_DU\SmartH2O_DU.csproj", "{216C7B76-2DCD-4A81-A43A-EB43DDE8F654}"
EndProject
Project("{FAE04EC0-301F-11D3-BF4B-00C04F79EFBC}") = "CommunicationInfrastructure", "CommunicationInfrastructure\CommunicationInfrastructure.csproj", "{781BFFCC-F379-4DBB-98C2-4E978B178E4B}"
EndProject
Project("{FAE04EC0-301F-11D3-BF4B-00C04F79EFBC}") = "SmartH2O-DLog", "SmartH2O-DLog\SmartH2O-DLog.csproj", "{DB96B82C-19D8-493B-A3B3-3CDBA050DE83}"
EndProject
Project("{FAE04EC0-301F-11D3-BF4B-00C04F79EFBC}") = "SmartH2O_Alarm", "SmartH2O_Alarm\SmartH2O_Alarm.csproj", "{49146793-2A20-4FB3-AEAF-B575563D047B}"
EndProject
Project("{FAE04EC0-301F-11D3-BF4B-00C04F79EFBC}") = "SmartH2O_SeeAPP", "SmartH2O_SeeAPP\SmartH2O_SeeAPP.csproj", "{B8B3609D-AD47-459D-96D1-031A437AF4BB}"
EndProject
Project("{FAE04EC0-301F-11D3-BF4B-00C04F79EFBC}") = "SmartH2O_Service", "SmartH2O_Service\SmartH2O_Service.csproj", "{3318BC9B-3F75-4455-9BF4-FF8F3C9C9D7F}"
EndProject
Global
	GlobalSection(SolutionConfigurationPlatforms) = preSolution
		Debug|Any CPU = Debug|Any CPU
		Release|Any CPU = Release|Any CPU
	EndGlobalSection
	GlobalSection(ProjectConfigurationPlatforms) = postSolution
		{216C7B76-2DCD-4A81-A43A-EB43DDE8F654}.Debug|Any CPU.ActiveCfg = Debug|Any CPU
		{216C7B76-2DCD-4A81-A43A-EB43DDE8F654}.Debug|Any CPU.Build.0 = Debug|Any CPU
		{216C7B76-2DCD-4A81-A43A-EB43DDE8F654}.Release|Any CPU.ActiveCfg = Release|Any CPU
		{216C7B76-2DCD-4A81-A43A-EB43DDE8F654}.Release|Any CPU.Build.0 = Release|Any CPU
		{781BFFCC-F379-4DBB-98C2-4E978B178E4B}.Debug|Any CPU.ActiveCfg = Debug|Any CPU
		{781BFFCC-F379-4DBB-98C2-4E978B178E4B}.Debug|Any CPU.Build.0 = Debug|Any CPU
		{781BFFCC-F379-4DBB-98C2-4E978B178E4B}.Release|Any CPU.ActiveCfg = Release|Any CPU
		{781BFFCC-F379-4DBB-98C2-4E978B178E4B}.Release|Any CPU.Build.0 = Release|Any CPU
		{DB96B82C-19D8-493B-A3B3-3CDBA050DE83}.Debug|Any CPU.ActiveCfg = Debug|Any CPU
		{DB96B82C-19D8-493B-A3B3-3CDBA050DE83}.Debug|Any CPU.Build.0 = Debug|Any CPU
		{DB96B82C-19D8-493B-A3B3-3CDBA050DE83}.Release|Any CPU.ActiveCfg = Release|Any CPU
		{DB96B82C-19D8-493B-A3B3-3CDBA050DE83}.Release|Any CPU.Build.0 = Release|Any CPU
		{49146793-2A20-4FB3-AEAF-B575563D047B}.Debug|Any CPU.ActiveCfg = Debug|Any CPU
		{49146793-2A20-4FB3-AEAF-B575563D047B}.Debug|Any CPU.Build.0 = Debug|Any CPU
		{49146793-2A20-4FB3-AEAF-B575563D047B}.Release|Any CPU.ActiveCfg = Release|Any CPU
		{49146793-2A20-4FB3-AEAF-B575563D047B}.Release|Any CPU.Build.0 = Release|Any CPU
		{B8B3609D-AD47-459D-96D1-031A437AF4BB}.Debug|Any CPU.ActiveCfg = Debug|Any CPU
		{B8B3609D-AD47-459D-96D1-031A437AF4BB}.Debug|Any CPU.Build.0 = Debug|Any CPU
		{B8B3609D-AD47-459D-96D1-031A437AF4BB}.Release|Any CPU.ActiveCfg = Release|Any CPU
		{B8B3609D-AD47-459D-96D1-031A437AF4BB}.Release|Any CPU.Build.0 = Release|Any CPU
		{3318BC9B-3F75-4455-9BF4-FF8F3C9C9D7F}.Debug|Any CPU.ActiveCfg = Debug|Any CPU
		{3318BC9B-3F75-4455-9BF4-FF8F3C9C9D7F}.Debug|Any CPU.Build.0 = Debug|Any CPU
		{3318BC9B-3F75-4455-9BF4-FF8F3C9C9D7F}.Release|Any CPU.ActiveCfg = Release|Any CPU
		{3318BC9B-3F75-4455-9BF4-FF8F3C9C9D7F}.Release|Any CPU.Build.0 = Release|Any CPU
	EndGlobalSection
	GlobalSection(SolutionProperties) = preSolution
		HideSolutionNode = FALSE
	EndGlobalSection
EndGlobal
